<?xml version="1.0" encoding="utf-8"?>
<Project ToolsVersion="4.0" xmlns="http://schemas.microsoft.com/developer/msbuild/2003">
  <ItemGroup>
    <Filter Include="Source Files">
      <UniqueIdentifier>{4FC737F1-C7A5-4376-A066-2A32D752A2FF}</UniqueIdentifier>
      <Extensions>cpp;c;cc;cxx;def;odl;idl;hpj;bat;asm;asmx</Extensions>
    </Filter>
    <Filter Include="Header Files">
      <UniqueIdentifier>{93995380-89BD-4b04-88EB-625FBE52EBFB}</UniqueIdentifier>
      <Extensions>h;hh;hpp;hxx;hm;inl;inc;xsd</Extensions>
    </Filter>
    <Filter Include="Resource Files">
      <UniqueIdentifier>{67DA6AB6-F800-4c08-8B7A-83BB121AAD01}</UniqueIdentifier>
      <Extensions>rc;ico;cur;bmp;dlg;rc2;rct;bin;rgs;gif;jpg;jpeg;jpe;resx;tiff;tif;png;wav;mfcribbon-ms</Extensions>
    </Filter>
  </ItemGroup>
  <ItemGroup>
    <Text Include="ReadMe.txt" />
  </ItemGroup>
  <ItemGroup>
    <ClInclude Include="PredictEd.h">
      <Filter>Header Files</Filter>
    </ClInclude>
    <ClInclude Include="PredictEdDlg.h">
      <Filter>Header Files</Filter>
    </ClInclude>
    <ClInclude Include="stdafx.h">
      <Filter>Header Files</Filter>
    </ClInclude>
    <ClInclude Include="targetver.h">
      <Filter>Header Files</Filter>
    </ClInclude>
    <ClInclude Include="Resource.h">
      <Filter>Header Files</Filter>
    </ClInclude>
    <ClInclude Include="PredictEdCtrl.h">
      <Filter>Header Files</Filter>
    </ClInclude>
    <ClInclude Include="CharQueue.h">
      <Filter>Header Files</Filter>
    </ClInclude>
    <ClInclude Include="SysHelper.h">
      <Filter>Header Files</Filter>
    </ClInclude>
    <ClInclude Include="WordList.h">
      <Filter>Header Files</Filter>
    </ClInclude>
    <ClInclude Include="KeyWordMap.h">
      <Filter>Header Files</Filter>
    </ClInclude>
    <ClInclude Include="PreWordsDlg.h">
      <Filter>Header Files</Filter>
    </ClInclude>
    <ClInclude Include="PredictEdSettingsDlg.h">
      <Filter>Header Files</Filter>
    </ClInclude>
    <ClInclude Include="Train.h">
      <Filter>Header Files</Filter>
    </ClInclude>
    <ClInclude Include="NetHelper.h">
      <Filter>Header Files</Filter>
    </ClInclude>
  </ItemGroup>
  <ItemGroup>
    <ClCompile Include="PredictEd.cpp">
      <Filter>Source Files</Filter>
    </ClCompile>
    <ClCompile Include="PredictEdDlg.cpp">
      <Filter>Source Files</Filter>
    </ClCompile>
    <ClCompile Include="stdafx.cpp">
      <Filter>Source Files</Filter>
    </ClCompile>
    <ClCompile Include="PredictEdCtrl.cpp">
      <Filter>Source Files</Filter>
    </ClCompile>
    <ClCompile Include="CharQueue.cpp">
      <Filter>Source Files</Filter>
    </ClCompile>
    <ClCompile Include="SysHelper.cpp">
      <Filter>Source Files</Filter>
    </ClCompile>
    <ClCompile Include="WordList.cpp">
      <Filter>Source Files</Filter>
    </ClCompile>
    <ClCompile Include="KeyWordMap.cpp">
      <Filter>Source Files</Filter>
    </ClCompile>
    <ClCompile Include="PreWordsDlg.cpp">
      <Filter>Source Files</Filter>
    </ClCompile>
    <ClCompile Include="PredictEdSettingsDlg.cpp">
      <Filter>Source Files</Filter>
    </ClCompile>
    <ClCompile Include="Train.cpp">
      <Filter>Source Files</Filter>
    </ClCompile>
    <ClCompile Include="NetHelper.cpp">
      <Filter>Source Files</Filter>
    </ClCompile>
  </ItemGroup>
  <ItemGroup>
    <ResourceCompile Include="PredictEd.rc">
      <Filter>Resource Files</Filter>
    </ResourceCompile>
  </ItemGroup>
  <ItemGroup>
    <None Include="res\PredictEd.rc2">
      <Filter>Resource Files</Filter>
    </None>
  </ItemGroup>
  <ItemGroup>
    <Image Include="res\PredictEd.ico">
      <Filter>Resource Files</Filter>
    </Image>
    <Image Include="res\new.bmp">
      <Filter>Resource Files</Filter>
    </Image>
    <Image Include="res\newfile.bmp">
      <Filter>Resource Files</Filter>
    </Image>
    <Image Include="res\openfile.bmp">
      <Filter>Resource Files</Filter>
    </Image>
    <Image Include="res\insert.bmp">
      <Filter>Resource Files</Filter>
    </Image>
    <Image Include="res\train.bmp">
      <Filter>Resource Files</Filter>
    </Image>
    <Image Include="res\fontclear.bmp">
      <Filter>Resource Files</Filter>
    </Image>
    <Image Include="res\font.bmp">
      <Filter>Resource Files</Filter>
    </Image>
    <Image Include="res\paste.bmp">
      <Filter>Resource Files</Filter>
    </Image>
    <Image Include="res\copy.bmp">
      <Filter>Resource Files</Filter>
    </Image>
    <Image Include="res\savefileas.bmp">
      <Filter>Resource Files</Filter>
    </Image>
    <Image Include="res\savefile.bmp">
      <Filter>Resource Files</Filter>
    </Image>
    <Image Include="res\bitmap1.bmp">
      <Filter>Resource Files</Filter>
    </Image>
    <Image Include="res\clearfont.bmp">
      <Filter>Resource Files</Filter>
    </Image>
    <Image Include="res\bitmap2.bmp">
      <Filter>Resource Files</Filter>
    </Image>
    <Image Include="res\setfont.bmp">
      <Filter>Resource Files</Filter>
    </Image>
    <Image Include="res\icon01.bmp">
      <Filter>Resource Files</Filter>
    </Image>
    <Image Include="res\icon01.ico">
      <Filter>Resource Files</Filter>
    </Image>
    <Image Include="res\about.bmp">
      <Filter>Resource Files</Filter>
    </Image>
  </ItemGroup>
</Project>